
Microsoft Visual Studio Solution File, Format Version 12.00
# Visual Studio 15
VisualStudioVersion = 15.0.27428.2037
MinimumVisualStudioVersion = 10.0.40219.1
Project("{FAE04EC0-301F-11D3-BF4B-00C04F79EFBC}") = "ModelDetectionPlugin", "ModelDetectionPlugin\ModelDetectionPlugin.csproj", "{245AD12C-0D8F-4D9E-8B7D-7894925350BA}"
EndProject
Global
	GlobalSection(SolutionConfigurationPlatforms) = preSolution
		Debug|Any CPU = Debug|Any CPU
		Release|Any CPU = Release|Any CPU
	EndGlobalSection
	GlobalSection(ProjectConfigurationPlatforms) = postSolution
		{245AD12C-0D8F-4D9E-8B7D-7894925350BA}.Debug|Any CPU.ActiveCfg = Debug|Any CPU
		{245AD12C-0D8F-4D9E-8B7D-7894925350BA}.Debug|Any CPU.Build.0 = Debug|Any CPU
		{245AD12C-0D8F-4D9E-8B7D-7894925350BA}.Release|Any CPU.ActiveCfg = Release|Any CPU
		{245AD12C-0D8F-4D9E-8B7D-7894925350BA}.Release|Any CPU.Build.0 = Release|Any CPU
	EndGlobalSection
	GlobalSection(SolutionProperties) = preSolution
		HideSolutionNode = FALSE
	EndGlobalSection
	GlobalSection(ExtensibilityGlobals) = postSolution
		SolutionGuid = {9BD35134-91D4-4211-8E0C-3E4837DE37E4}
	EndGlobalSection
EndGlobal
